
Microsoft Visual Studio Solution File, Format Version 12.00
# Visual Studio Version 16
VisualStudioVersion = 16.0.28803.352
MinimumVisualStudioVersion = 10.0.40219.1
Project("{FAE04EC0-301F-11D3-BF4B-00C04F79EFBC}") = "LanSharing", "LanSharing.csproj", "{7FDEE90C-1C88-49AD-8659-2FC4929F03A6}"
EndProject
Project("{2150E333-8FDC-42A3-9474-1A3956D46DE8}") = "Solution Items", "Solution Items", "{A672AEDC-B4F1-47AA-AB3A-7D6472CD7790}"
EndProject
Global
	GlobalSection(SolutionConfigurationPlatforms) = preSolution
		Debug|Any CPU = Debug|Any CPU
		Release|Any CPU = Release|Any CPU
	EndGlobalSection
	GlobalSection(ProjectConfigurationPlatforms) = postSolution
		{7FDEE90C-1C88-49AD-8659-2FC4929F03A6}.Debug|Any CPU.ActiveCfg = Debug|Any CPU
		{7FDEE90C-1C88-49AD-8659-2FC4929F03A6}.Debug|Any CPU.Build.0 = Debug|Any CPU
		{7FDEE90C-1C88-49AD-8659-2FC4929F03A6}.Release|Any CPU.ActiveCfg = Release|Any CPU
		{7FDEE90C-1C88-49AD-8659-2FC4929F03A6}.Release|Any CPU.Build.0 = Release|Any CPU
	EndGlobalSection
	GlobalSection(SolutionProperties) = preSolution
		HideSolutionNode = FALSE
	EndGlobalSection
	GlobalSection(ExtensibilityGlobals) = postSolution
		SolutionGuid = {72398FD7-0787-4F04-8850-922DC181CF21}
	EndGlobalSection
EndGlobal
